
Microsoft Visual Studio Solution File, Format Version 12.00
# Visual Studio Version 16
VisualStudioVersion = 16.0.31605.320
MinimumVisualStudioVersion = 10.0.40219.1
Project("{FAE04EC0-301F-11D3-BF4B-00C04F79EFBC}") = "IdentitySample", "IdentitySample\IdentitySample.csproj", "{07BFF359-E152-4262-9B4A-D0606A2B3BBF}"
EndProject
Global
	GlobalSection(SolutionConfigurationPlatforms) = preSolution
		Debug|Any CPU = Debug|Any CPU
		Release|Any CPU = Release|Any CPU
	EndGlobalSection
	GlobalSection(ProjectConfigurationPlatforms) = postSolution
		{07BFF359-E152-4262-9B4A-D0606A2B3BBF}.Debug|Any CPU.ActiveCfg = Debug|Any CPU
		{07BFF359-E152-4262-9B4A-D0606A2B3BBF}.Debug|Any CPU.Build.0 = Debug|Any CPU
		{07BFF359-E152-4262-9B4A-D0606A2B3BBF}.Release|Any CPU.ActiveCfg = Release|Any CPU
		{07BFF359-E152-4262-9B4A-D0606A2B3BBF}.Release|Any CPU.Build.0 = Release|Any CPU
	EndGlobalSection
	GlobalSection(SolutionProperties) = preSolution
		HideSolutionNode = FALSE
	EndGlobalSection
	GlobalSection(ExtensibilityGlobals) = postSolution
		SolutionGuid = {FDD2663D-FF51-4E32-A158-5D9616EFC88C}
	EndGlobalSection
EndGlobal
